
Microsoft Visual Studio Solution File, Format Version 12.00
# Visual Studio Version 17
VisualStudioVersion = 17.6.33815.320
MinimumVisualStudioVersion = 10.0.40219.1
Project("{FAE04EC0-301F-11D3-BF4B-00C04F79EFBC}") = "LabGame", "LabGame.csproj", "{99837D2B-F689-4D77-ADB7-C78B22C6B788}"
EndProject
Project("{9A19103F-16F7-4668-BE54-9A1E7A4F7556}") = "GameModel", "..\GameModel\GameModel.csproj", "{D40D652D-74E2-4C6E-9523-5CFAE9601B3E}"
EndProject
Project("{9A19103F-16F7-4668-BE54-9A1E7A4F7556}") = "Testing", "..\Testing\Testing.csproj", "{311378E1-8CED-48BA-AEBC-458EA771FDD1}"
EndProject
Global
	GlobalSection(SolutionConfigurationPlatforms) = preSolution
		Debug|Any CPU = Debug|Any CPU
		Release|Any CPU = Release|Any CPU
	EndGlobalSection
	GlobalSection(ProjectConfigurationPlatforms) = postSolution
		{99837D2B-F689-4D77-ADB7-C78B22C6B788}.Debug|Any CPU.ActiveCfg = Debug|Any CPU
		{99837D2B-F689-4D77-ADB7-C78B22C6B788}.Debug|Any CPU.Build.0 = Debug|Any CPU
		{99837D2B-F689-4D77-ADB7-C78B22C6B788}.Release|Any CPU.ActiveCfg = Release|Any CPU
		{99837D2B-F689-4D77-ADB7-C78B22C6B788}.Release|Any CPU.Build.0 = Release|Any CPU
		{D40D652D-74E2-4C6E-9523-5CFAE9601B3E}.Debug|Any CPU.ActiveCfg = Debug|Any CPU
		{D40D652D-74E2-4C6E-9523-5CFAE9601B3E}.Debug|Any CPU.Build.0 = Debug|Any CPU
		{D40D652D-74E2-4C6E-9523-5CFAE9601B3E}.Release|Any CPU.ActiveCfg = Release|Any CPU
		{D40D652D-74E2-4C6E-9523-5CFAE9601B3E}.Release|Any CPU.Build.0 = Release|Any CPU
		{311378E1-8CED-48BA-AEBC-458EA771FDD1}.Debug|Any CPU.ActiveCfg = Debug|Any CPU
		{311378E1-8CED-48BA-AEBC-458EA771FDD1}.Debug|Any CPU.Build.0 = Debug|Any CPU
		{311378E1-8CED-48BA-AEBC-458EA771FDD1}.Release|Any CPU.ActiveCfg = Release|Any CPU
		{311378E1-8CED-48BA-AEBC-458EA771FDD1}.Release|Any CPU.Build.0 = Release|Any CPU
	EndGlobalSection
	GlobalSection(SolutionProperties) = preSolution
		HideSolutionNode = FALSE
	EndGlobalSection
	GlobalSection(ExtensibilityGlobals) = postSolution
		SolutionGuid = {2F0B3847-5909-44BD-8F0C-533910921C16}
	EndGlobalSection
EndGlobal
